github.com/oriser/regroup v0.0.0-20230527212431-1b00c9bdbc5b h1:9L56kn3D7E9jd2R9U9p7tfzaBaLTVPt4HgnrP+g2VGk=
github.com/oriser/regroup v0.0.0-20230527212431-1b00c9bdbc5b/go.mod h1:6eb1+OYHjOvThrtgEVue70NTfmzkalZgohRtndAUUbI=
golang.org/x/exp v0.0.0-20230425010034-47ecfdc1ba53 h1:5llv2sWeaMSnA3w2kS57ouQQ4pudlXrR0dCgw51QK9o=
golang.org/x/exp v0.0.0-20230425010034-47ecfdc1ba53/go.mod h1:V1LtkGg67GoY2N1AnLN78QLrzxkLyJw7RJb1gzOOz9w=
golang.org/x/sys v0.18.0 h1:DBdB3niSjOA/O0blCZBqDefyWNYveAYMNF1Wum0DYQ4=
golang.org/x/sys v0.18.0/go.mod h1:/VUhepiaJMQUp4+oa/7Zr1D23ma6VTLIYjOOTFZPUcA=
kernel.org/pub/linux/libs/security/libcap/cap v1.2.69 h1:N0m3tKYbkRMmDobh/47ngz+AWeV7PcfXMDi8xu3Vrag=
kernel.org/pub/linux/libs/security/libcap/cap v1.2.69/go.mod h1:Tk5Ip2TuxaWGpccL7//rAsLRH6RQ/jfqTGxuN/+i/FQ=
kernel.org/pub/linux/libs/security/libcap/psx v1.2.69 h1:IdrOs1ZgwGw5CI+BH6GgVVlOt+LAXoPyh7enr8lfaXs=
kernel.org/pub/linux/libs/security/libcap/psx v1.2.69/go.mod h1:+l6Ee2F59XiJ2I6WR5ObpC1utCQJZ/VLsEbQCD8RG24=
